{
  "requires": true,
  "lockfileVersion": 1,
  "dependencies": {
    "react-live-clock": {
      "version": "5.0.13",
      "resolved": "https://registry.npmjs.org/react-live-clock/-/react-live-clock-5.0.13.tgz",
      "integrity": "sha512-wckI0XlysCcUSEIEJELbx0UQSbX9t7nff8eMQT/w9S1v3S3cGo1Q+LTfibGMcUkT1kMUKE3PidZpZCisMlh1lQ=="
    }
  }
}
